// !$*UTF8*$!
{
	archiveVersion = 1;
	classes = {
	};
	objectVersion = 46;
	objects = {

/* Begin PBXBuildFile section */
		C736D48B195F44C200740EE8 /* Foundation.framework in Frameworks */ = {isa = PBXBuildFile; fileRef = C736D48A195F44C200740EE8 /* Foundation.framework */; };
		C736D48D195F44C200740EE8 /* CoreGraphics.framework in Frameworks */ = {isa = PBXBuildFile; fileRef = C736D48C195F44C200740EE8 /* CoreGraphics.framework */; };
		C736D48F195F44C200740EE8 /* UIKit.framework in Frameworks */ = {isa = PBXBuildFile; fileRef = C736D48E195F44C200740EE8 /* UIKit.framework */; };
		C736D495195F44C200740EE8 /* InfoPlist.strings in Resources */ = {isa = PBXBuildFile; fileRef = C736D493195F44C200740EE8 /* InfoPlist.strings */; };
		C736D497195F44C200740EE8 /* main.m in Sources */ = {isa = PBXBuildFile; fileRef = C736D496195F44C200740EE8 /* main.m */; };
		C736D49D195F44C300740EE8 /* Images.xcassets in Resources */ = {isa = PBXBuildFile; fileRef = C736D49C195F44C300740EE8 /* Images.xcassets */; };
		C736D4A4195F44C300740EE8 /* XCTest.framework in Frameworks */ = {isa = PBXBuildFile; fileRef = C736D4A3195F44C300740EE8 /* XCTest.framework */; };
		C736D4A5195F44C300740EE8 /* Foundation.framework in Frameworks */ = {isa = PBXBuildFile; fileRef = C736D48A195F44C200740EE8 /* Foundation.framework */; };
		C736D4A6195F44C300740EE8 /* UIKit.framework in Frameworks */ = {isa = PBXBuildFile; fileRef = C736D48E195F44C200740EE8 /* UIKit.framework */; };
		C736D4AE195F44C300740EE8 /* InfoPlist.strings in Resources */ = {isa = PBXBuildFile; fileRef = C736D4AC195F44C300740EE8 /* InfoPlist.strings */; };
		C736D4B0195F44C300740EE8 /* InboxChallenge_02Tests.m in Sources */ = {isa = PBXBuildFile; fileRef = C736D4AF195F44C300740EE8 /* InboxChallenge_02Tests.m */; };
		C736D4C3195F44E700740EE8 /* THImageDownloader.m in Sources */ = {isa = PBXBuildFile; fileRef = C736D4BA195F44E600740EE8 /* THImageDownloader.m */; };
		C736D4C4195F44E700740EE8 /* THPendingOperations.m in Sources */ = {isa = PBXBuildFile; fileRef = C736D4BC195F44E600740EE8 /* THPendingOperations.m */; };
		C736D4C5195F44E700740EE8 /* THPhotoTableViewCell.m in Sources */ = {isa = PBXBuildFile; fileRef = C736D4BE195F44E600740EE8 /* THPhotoTableViewCell.m */; };
		C736D4C6195F44E700740EE8 /* THSearchViewController.m in Sources */ = {isa = PBXBuildFile; fileRef = C736D4C0195F44E700740EE8 /* THSearchViewController.m */; };
		C736D4C7195F44E700740EE8 /* THPhotosTableViewController.m in Sources */ = {isa = PBXBuildFile; fileRef = C736D4C2195F44E700740EE8 /* THPhotosTableViewController.m */; };
		C736D4CC195F44F600740EE8 /* THAppDataObject.m in Sources */ = {isa = PBXBuildFile; fileRef = C736D4C9195F44F600740EE8 /* THAppDataObject.m */; };
		C736D4CD195F44F600740EE8 /* THPhoto.m in Sources */ = {isa = PBXBuildFile; fileRef = C736D4CB195F44F600740EE8 /* THPhoto.m */; };
		C736D4D0195F452D00740EE8 /* THAppDelegate.m in Sources */ = {isa = PBXBuildFile; fileRef = C736D4CF195F452D00740EE8 /* THAppDelegate.m */; };
		C736D4D3195F504F00740EE8 /* Oswald-Regular.ttf in Resources */ = {isa = PBXBuildFile; fileRef = C736D4D2195F504F00740EE8 /* Oswald-Regular.ttf */; };
		C736D4D6195F675400740EE8 /* THFavoritePhotos.m in Sources */ = {isa = PBXBuildFile; fileRef = C736D4D5195F675400740EE8 /* THFavoritePhotos.m */; };
		C736D4DA195F77F200740EE8 /* star-icon.png in Resources */ = {isa = PBXBuildFile; fileRef = C736D4D9195F77F200740EE8 /* star-icon.png */; };
		C736D4E319609DDF00740EE8 /* THFavoritesViewController.m in Sources */ = {isa = PBXBuildFile; fileRef = C736D4E219609DDF00740EE8 /* THFavoritesViewController.m */; };
		C736D4E51960A1A100740EE8 /* remove-icon.png in Resources */ = {isa = PBXBuildFile; fileRef = C736D4E41960A1A100740EE8 /* remove-icon.png */; };
/* End PBXBuildFile section */

/* Begin PBXContainerItemProxy section */
		C736D4A7195F44C300740EE8 /* PBXContainerItemProxy */ = {
			isa = PBXContainerItemProxy;
			containerPortal = C736D47F195F44C200740EE8 /* Project object */;
			proxyType = 1;
			remoteGlobalIDString = C736D486195F44C200740EE8;
			remoteInfo = InboxChallenge_02;
		};
/* End PBXContainerItemProxy section */

/* Begin PBXFileReference section */
		C736D487195F44C200740EE8 /* showmepls.app */ = {isa = PBXFileReference; explicitFileType = wrapper.application; includeInIndex = 0; path = showmepls.app; sourceTree = BUILT_PRODUCTS_DIR; };
		C736D48A195F44C200740EE8 /* Foundation.framework */ = {isa = PBXFileReference; lastKnownFileType = wrapper.framework; name = Foundation.framework; path = System/Library/Frameworks/Foundation.framework; sourceTree = SDKROOT; };
		C736D48C195F44C200740EE8 /* CoreGraphics.framework */ = {isa = PBXFileReference; lastKnownFileType = wrapper.framework; name = CoreGraphics.framework; path = System/Library/Frameworks/CoreGraphics.framework; sourceTree = SDKROOT; };
		C736D48E195F44C200740EE8 /* UIKit.framework */ = {isa = PBXFileReference; lastKnownFileType = wrapper.framework; name = UIKit.framework; path = System/Library/Frameworks/UIKit.framework; sourceTree = SDKROOT; };
		C736D492195F44C200740EE8 /* showmepls-Info.plist */ = {isa = PBXFileReference; lastKnownFileType = text.plist.xml; path = "showmepls-Info.plist"; sourceTree = "<group>"; };
		C736D494195F44C200740EE8 /* en */ = {isa = PBXFileReference; lastKnownFileType = text.plist.strings; name = en; path = en.lproj/InfoPlist.strings; sourceTree = "<group>"; };
		C736D496195F44C200740EE8 /* main.m */ = {isa = PBXFileReference; lastKnownFileType = sourcecode.c.objc; path = main.m; sourceTree = "<group>"; };
		C736D498195F44C200740EE8 /* showmepls-Prefix.pch */ = {isa = PBXFileReference; lastKnownFileType = sourcecode.c.h; path = "showmepls-Prefix.pch"; sourceTree = "<group>"; };
		C736D49C195F44C300740EE8 /* Images.xcassets */ = {isa = PBXFileReference; lastKnownFileType = folder.assetcatalog; path = Images.xcassets; sourceTree = "<group>"; };
		C736D4A2195F44C300740EE8 /* showmeplsTests.xctest */ = {isa = PBXFileReference; explicitFileType = wrapper.cfbundle; includeInIndex = 0; path = showmeplsTests.xctest; sourceTree = BUILT_PRODUCTS_DIR; };
		C736D4A3195F44C300740EE8 /* XCTest.framework */ = {isa = PBXFileReference; lastKnownFileType = wrapper.framework; name = XCTest.framework; path = Library/Frameworks/XCTest.framework; sourceTree = DEVELOPER_DIR; };
		C736D4AB195F44C300740EE8 /* showmeplsTests-Info.plist */ = {isa = PBXFileReference; lastKnownFileType = text.plist.xml; path = "showmeplsTests-Info.plist"; sourceTree = "<group>"; };
		C736D4AD195F44C300740EE8 /* en */ = {isa = PBXFileReference; lastKnownFileType = text.plist.strings; name = en; path = en.lproj/InfoPlist.strings; sourceTree = "<group>"; };
		C736D4AF195F44C300740EE8 /* InboxChallenge_02Tests.m */ = {isa = PBXFileReference; lastKnownFileType = sourcecode.c.objc; path = InboxChallenge_02Tests.m; sourceTree = "<group>"; };
		C736D4B9195F44E600740EE8 /* THImageDownloader.h */ = {isa = PBXFileReference; fileEncoding = 4; lastKnownFileType = sourcecode.c.h; path = THImageDownloader.h; sourceTree = "<group>"; };
		C736D4BA195F44E600740EE8 /* THImageDownloader.m */ = {isa = PBXFileReference; fileEncoding = 4; lastKnownFileType = sourcecode.c.objc; path = THImageDownloader.m; sourceTree = "<group>"; };
		C736D4BB195F44E600740EE8 /* THPendingOperations.h */ = {isa = PBXFileReference; fileEncoding = 4; lastKnownFileType = sourcecode.c.h; path = THPendingOperations.h; sourceTree = "<group>"; };
		C736D4BC195F44E600740EE8 /* THPendingOperations.m */ = {isa = PBXFileReference; fileEncoding = 4; lastKnownFileType = sourcecode.c.objc; path = THPendingOperations.m; sourceTree = "<group>"; };
		C736D4BD195F44E600740EE8 /* THPhotoTableViewCell.h */ = {isa = PBXFileReference; fileEncoding = 4; lastKnownFileType = sourcecode.c.h; path = THPhotoTableViewCell.h; sourceTree = "<group>"; };
		C736D4BE195F44E600740EE8 /* THPhotoTableViewCell.m */ = {isa = PBXFileReference; fileEncoding = 4; lastKnownFileType = sourcecode.c.objc; path = THPhotoTableViewCell.m; sourceTree = "<group>"; };
		C736D4BF195F44E600740EE8 /* THSearchViewController.h */ = {isa = PBXFileReference; fileEncoding = 4; lastKnownFileType = sourcecode.c.h; path = THSearchViewController.h; sourceTree = "<group>"; };
		C736D4C0195F44E700740EE8 /* THSearchViewController.m */ = {isa = PBXFileReference; fileEncoding = 4; lastKnownFileType = sourcecode.c.objc; path = THSearchViewController.m; sourceTree = "<group>"; };
		C736D4C1195F44E700740EE8 /* THPhotosTableViewController.h */ = {isa = PBXFileReference; fileEncoding = 4; lastKnownFileType = sourcecode.c.h; path = THPhotosTableViewController.h; sourceTree = "<group>"; };
		C736D4C2195F44E700740EE8 /* THPhotosTableViewController.m */ = {isa = PBXFileReference; fileEncoding = 4; lastKnownFileType = sourcecode.c.objc; path = THPhotosTableViewController.m; sourceTree = "<group>"; };
		C736D4C8195F44F600740EE8 /* THAppDataObject.h */ = {isa = PBXFileReference; fileEncoding = 4; lastKnownFileType = sourcecode.c.h; path = THAppDataObject.h; sourceTree = "<group>"; };
		C736D4C9195F44F600740EE8 /* THAppDataObject.m */ = {isa = PBXFileReference; fileEncoding = 4; lastKnownFileType = sourcecode.c.objc; path = THAppDataObject.m; sourceTree = "<group>"; };
		C736D4CA195F44F600740EE8 /* THPhoto.h */ = {isa = PBXFileReference; fileEncoding = 4; lastKnownFileType = sourcecode.c.h; path = THPhoto.h; sourceTree = "<group>"; };
		C736D4CB195F44F600740EE8 /* THPhoto.m */ = {isa = PBXFileReference; fileEncoding = 4; lastKnownFileType = sourcecode.c.objc; path = THPhoto.m; sourceTree = "<group>"; };
		C736D4CE195F452D00740EE8 /* THAppDelegate.h */ = {isa = PBXFileReference; fileEncoding = 4; lastKnownFileType = sourcecode.c.h; path = THAppDelegate.h; sourceTree = "<group>"; };
		C736D4CF195F452D00740EE8 /* THAppDelegate.m */ = {isa = PBXFileReference; fileEncoding = 4; lastKnownFileType = sourcecode.c.objc; path = THAppDelegate.m; sourceTree = "<group>"; };
		C736D4D1195F4DBE00740EE8 /* OpenSans-Regular.ttf */ = {isa = PBXFileReference; lastKnownFileType = file; path = "OpenSans-Regular.ttf"; sourceTree = "<group>"; };
		C736D4D2195F504F00740EE8 /* Oswald-Regular.ttf */ = {isa = PBXFileReference; lastKnownFileType = file; path = "Oswald-Regular.ttf"; sourceTree = "<group>"; };
		C736D4D4195F675400740EE8 /* THFavoritePhotos.h */ = {isa = PBXFileReference; fileEncoding = 4; lastKnownFileType = sourcecode.c.h; path = THFavoritePhotos.h; sourceTree = "<group>"; };
		C736D4D5195F675400740EE8 /* THFavoritePhotos.m */ = {isa = PBXFileReference; fileEncoding = 4; lastKnownFileType = sourcecode.c.objc; path = THFavoritePhotos.m; sourceTree = "<group>"; };
		C736D4D9195F77F200740EE8 /* star-icon.png */ = {isa = PBXFileReference; lastKnownFileType = image.png; path = "star-icon.png"; sourceTree = "<group>"; };
		C736D4E119609DDF00740EE8 /* THFavoritesViewController.h */ = {isa = PBXFileReference; fileEncoding = 4; lastKnownFileType = sourcecode.c.h; path = THFavoritesViewController.h; sourceTree = "<group>"; };
		C736D4E219609DDF00740EE8 /* THFavoritesViewController.m */ = {isa = PBXFileReference; fileEncoding = 4; lastKnownFileType = sourcecode.c.objc; path = THFavoritesViewController.m; sourceTree = "<group>"; };
		C736D4E41960A1A100740EE8 /* remove-icon.png */ = {isa = PBXFileReference; lastKnownFileType = image.png; path = "remove-icon.png"; sourceTree = "<group>"; };
/* End PBXFileReference section */

/* Begin PBXFrameworksBuildPhase section */
		C736D484195F44C200740EE8 /* Frameworks */ = {
			isa = PBXFrameworksBuildPhase;
			buildActionMask = 2147483647;
			files = (
				C736D48D195F44C200740EE8 /* CoreGraphics.framework in Frameworks */,
				C736D48F195F44C200740EE8 /* UIKit.framework in Frameworks */,
				C736D48B195F44C200740EE8 /* Foundation.framework in Frameworks */,
			);
			runOnlyForDeploymentPostprocessing = 0;
		};
		C736D49F195F44C300740EE8 /* Frameworks */ = {
			isa = PBXFrameworksBuildPhase;
			buildActionMask = 2147483647;
			files = (
				C736D4A4195F44C300740EE8 /* XCTest.framework in Frameworks */,
				C736D4A6195F44C300740EE8 /* UIKit.framework in Frameworks */,
				C736D4A5195F44C300740EE8 /* Foundation.framework in Frameworks */,
			);
			runOnlyForDeploymentPostprocessing = 0;
		};
/* End PBXFrameworksBuildPhase section */

/* Begin PBXGroup section */
		C736D47E195F44C200740EE8 = {
			isa = PBXGroup;
			children = (
				C736D4CE195F452D00740EE8 /* THAppDelegate.h */,
				C736D4CF195F452D00740EE8 /* THAppDelegate.m */,
				C736D4DD196097FC00740EE8 /* NSOperations */,
				C736D4DE1960980F00740EE8 /* viewControllers */,
				C736D4DF1960984C00740EE8 /* views */,
				C736D4E01960986700740EE8 /* model */,
				C736D490195F44C200740EE8 /* InboxChallenge_02 */,
				C736D4A9195F44C300740EE8 /* InboxChallenge_02Tests */,
				C736D489195F44C200740EE8 /* Frameworks */,
				C736D488195F44C200740EE8 /* Products */,
			);
			sourceTree = "<group>";
		};
		C736D488195F44C200740EE8 /* Products */ = {
			isa = PBXGroup;
			children = (
				C736D487195F44C200740EE8 /* showmepls.app */,
				C736D4A2195F44C300740EE8 /* showmeplsTests.xctest */,
			);
			name = Products;
			sourceTree = "<group>";
		};
		C736D489195F44C200740EE8 /* Frameworks */ = {
			isa = PBXGroup;
			children = (
				C736D48A195F44C200740EE8 /* Foundation.framework */,
				C736D48C195F44C200740EE8 /* CoreGraphics.framework */,
				C736D48E195F44C200740EE8 /* UIKit.framework */,
				C736D4A3195F44C300740EE8 /* XCTest.framework */,
			);
			name = Frameworks;
			sourceTree = "<group>";
		};
		C736D490195F44C200740EE8 /* InboxChallenge_02 */ = {
			isa = PBXGroup;
			children = (
				C736D49C195F44C300740EE8 /* Images.xcassets */,
				C736D491195F44C200740EE8 /* Supporting Files */,
			);
			path = InboxChallenge_02;
			sourceTree = "<group>";
		};
		C736D491195F44C200740EE8 /* Supporting Files */ = {
			isa = PBXGroup;
			children = (
				C736D4DC196097CD00740EE8 /* fonts */,
				C736D4DB196097BA00740EE8 /* icons */,
				C736D492195F44C200740EE8 /* showmepls-Info.plist */,
				C736D493195F44C200740EE8 /* InfoPlist.strings */,
				C736D496195F44C200740EE8 /* main.m */,
				C736D498195F44C200740EE8 /* showmepls-Prefix.pch */,
			);
			name = "Supporting Files";
			sourceTree = "<group>";
		};
		C736D4A9195F44C300740EE8 /* InboxChallenge_02Tests */ = {
			isa = PBXGroup;
			children = (
				C736D4AF195F44C300740EE8 /* InboxChallenge_02Tests.m */,
				C736D4AA195F44C300740EE8 /* Supporting Files */,
			);
			path = InboxChallenge_02Tests;
			sourceTree = "<group>";
		};
		C736D4AA195F44C300740EE8 /* Supporting Files */ = {
			isa = PBXGroup;
			children = (
				C736D4AB195F44C300740EE8 /* showmeplsTests-Info.plist */,
				C736D4AC195F44C300740EE8 /* InfoPlist.strings */,
			);
			name = "Supporting Files";
			sourceTree = "<group>";
		};
		C736D4DB196097BA00740EE8 /* icons */ = {
			isa = PBXGroup;
			children = (
				C736D4D9195F77F200740EE8 /* star-icon.png */,
				C736D4E41960A1A100740EE8 /* remove-icon.png */,
			);
			name = icons;
			path = ..;
			sourceTree = "<group>";
		};
		C736D4DC196097CD00740EE8 /* fonts */ = {
			isa = PBXGroup;
			children = (
				C736D4D1195F4DBE00740EE8 /* OpenSans-Regular.ttf */,
				C736D4D2195F504F00740EE8 /* Oswald-Regular.ttf */,
			);
			name = fonts;
			path = ..;
			sourceTree = "<group>";
		};
		C736D4DD196097FC00740EE8 /* NSOperations */ = {
			isa = PBXGroup;
			children = (
				C736D4B9195F44E600740EE8 /* THImageDownloader.h */,
				C736D4BA195F44E600740EE8 /* THImageDownloader.m */,
				C736D4BB195F44E600740EE8 /* THPendingOperations.h */,
				C736D4BC195F44E600740EE8 /* THPendingOperations.m */,
			);
			name = NSOperations;
			sourceTree = "<group>";
		};
		C736D4DE1960980F00740EE8 /* viewControllers */ = {
			isa = PBXGroup;
			children = (
				C736D4BF195F44E600740EE8 /* THSearchViewController.h */,
				C736D4C0195F44E700740EE8 /* THSearchViewController.m */,
				C736D4C1195F44E700740EE8 /* THPhotosTableViewController.h */,
				C736D4C2195F44E700740EE8 /* THPhotosTableViewController.m */,
				C736D4E119609DDF00740EE8 /* THFavoritesViewController.h */,
				C736D4E219609DDF00740EE8 /* THFavoritesViewController.m */,
			);
			name = viewControllers;
			sourceTree = "<group>";
		};
		C736D4DF1960984C00740EE8 /* views */ = {
			isa = PBXGroup;
			children = (
				C736D4BD195F44E600740EE8 /* THPhotoTableViewCell.h */,
				C736D4BE195F44E600740EE8 /* THPhotoTableViewCell.m */,
			);
			name = views;
			sourceTree = "<group>";
		};
		C736D4E01960986700740EE8 /* model */ = {
			isa = PBXGroup;
			children = (
				C736D4C8195F44F600740EE8 /* THAppDataObject.h */,
				C736D4C9195F44F600740EE8 /* THAppDataObject.m */,
				C736D4D4195F675400740EE8 /* THFavoritePhotos.h */,
				C736D4D5195F675400740EE8 /* THFavoritePhotos.m */,
				C736D4CA195F44F600740EE8 /* THPhoto.h */,
				C736D4CB195F44F600740EE8 /* THPhoto.m */,
			);
			name = model;
			sourceTree = "<group>";
		};
/* End PBXGroup section */

/* Begin PBXNativeTarget section */
		C736D486195F44C200740EE8 /* showmepls */ = {
			isa = PBXNativeTarget;
			buildConfigurationList = C736D4B3195F44C300740EE8 /* Build configuration list for PBXNativeTarget "showmepls" */;
			buildPhases = (
				C736D483195F44C200740EE8 /* Sources */,
				C736D484195F44C200740EE8 /* Frameworks */,
				C736D485195F44C200740EE8 /* Resources */,
			);
			buildRules = (
			);
			dependencies = (
			);
			name = showmepls;
			productName = InboxChallenge_02;
			productReference = C736D487195F44C200740EE8 /* showmepls.app */;
			productType = "com.apple.product-type.application";
		};
		C736D4A1195F44C300740EE8 /* showmeplsTests */ = {
			isa = PBXNativeTarget;
			buildConfigurationList = C736D4B6195F44C300740EE8 /* Build configuration list for PBXNativeTarget "showmeplsTests" */;
			buildPhases = (
				C736D49E195F44C300740EE8 /* Sources */,
				C736D49F195F44C300740EE8 /* Frameworks */,
				C736D4A0195F44C300740EE8 /* Resources */,
			);
			buildRules = (
			);
			dependencies = (
				C736D4A8195F44C300740EE8 /* PBXTargetDependency */,
			);
			name = showmeplsTests;
			productName = InboxChallenge_02Tests;
			productReference = C736D4A2195F44C300740EE8 /* showmeplsTests.xctest */;
			productType = "com.apple.product-type.bundle.unit-test";
		};
/* End PBXNativeTarget section */

/* Begin PBXProject section */
		C736D47F195F44C200740EE8 /* Project object */ = {
			isa = PBXProject;
			attributes = {
				CLASSPREFIX = TH;
				LastUpgradeCheck = 0510;
				ORGANIZATIONNAME = "travis holt";
				TargetAttributes = {
					C736D486195F44C200740EE8 = {
						DevelopmentTeam = U2FS6H847E;
					};
					C736D4A1195F44C300740EE8 = {
						TestTargetID = C736D486195F44C200740EE8;
					};
				};
			};
			buildConfigurationList = C736D482195F44C200740EE8 /* Build configuration list for PBXProject "showmepls" */;
			compatibilityVersion = "Xcode 3.2";
			developmentRegion = English;
			hasScannedForEncodings = 0;
			knownRegions = (
				en,
			);
			mainGroup = C736D47E195F44C200740EE8;
			productRefGroup = C736D488195F44C200740EE8 /* Products */;
			projectDirPath = "";
			projectRoot = "";
			targets = (
				C736D486195F44C200740EE8 /* showmepls */,
				C736D4A1195F44C300740EE8 /* showmeplsTests */,
			);
		};
/* End PBXProject section */

/* Begin PBXResourcesBuildPhase section */
		C736D485195F44C200740EE8 /* Resources */ = {
			isa = PBXResourcesBuildPhase;
			buildActionMask = 2147483647;
			files = (
				C736D4E51960A1A100740EE8 /* remove-icon.png in Resources */,
				C736D4DA195F77F200740EE8 /* star-icon.png in Resources */,
				C736D495195F44C200740EE8 /* InfoPlist.strings in Resources */,
				C736D4D3195F504F00740EE8 /* Oswald-Regular.ttf in Resources */,
				C736D49D195F44C300740EE8 /* Images.xcassets in Resources */,
			);
			runOnlyForDeploymentPostprocessing = 0;
		};
		C736D4A0195F44C300740EE8 /* Resources */ = {
			isa = PBXResourcesBuildPhase;
			buildActionMask = 2147483647;
			files = (
				C736D4AE195F44C300740EE8 /* InfoPlist.strings in Resources */,
			);
			runOnlyForDeploymentPostprocessing = 0;
		};
/* End PBXResourcesBuildPhase section */

/* Begin PBXSourcesBuildPhase section */
		C736D483195F44C200740EE8 /* Sources */ = {
			isa = PBXSourcesBuildPhase;
			buildActionMask = 2147483647;
			files = (
				C736D4C5195F44E700740EE8 /* THPhotoTableViewCell.m in Sources */,
				C736D4CC195F44F600740EE8 /* THAppDataObject.m in Sources */,
				C736D4D0195F452D00740EE8 /* THAppDelegate.m in Sources */,
				C736D4C7195F44E700740EE8 /* THPhotosTableViewController.m in Sources */,
				C736D4D6195F675400740EE8 /* THFavoritePhotos.m in Sources */,
				C736D4CD195F44F600740EE8 /* THPhoto.m in Sources */,
				C736D4C6195F44E700740EE8 /* THSearchViewController.m in Sources */,
				C736D4C4195F44E700740EE8 /* THPendingOperations.m in Sources */,
				C736D497195F44C200740EE8 /* main.m in Sources */,
				C736D4C3195F44E700740EE8 /* THImageDownloader.m in Sources */,
				C736D4E319609DDF00740EE8 /* THFavoritesViewController.m in Sources */,
			);
			runOnlyForDeploymentPostprocessing = 0;
		};
		C736D49E195F44C300740EE8 /* Sources */ = {
			isa = PBXSourcesBuildPhase;
			buildActionMask = 2147483647;
			files = (
				C736D4B0195F44C300740EE8 /* InboxChallenge_02Tests.m in Sources */,
			);
			runOnlyForDeploymentPostprocessing = 0;
		};
/* End PBXSourcesBuildPhase section */

/* Begin PBXTargetDependency section */
		C736D4A8195F44C300740EE8 /* PBXTargetDependency */ = {
			isa = PBXTargetDependency;
			target = C736D486195F44C200740EE8 /* showmepls */;
			targetProxy = C736D4A7195F44C300740EE8 /* PBXContainerItemProxy */;
		};
/* End PBXTargetDependency section */

/* Begin PBXVariantGroup section */
		C736D493195F44C200740EE8 /* InfoPlist.strings */ = {
			isa = PBXVariantGroup;
			children = (
				C736D494195F44C200740EE8 /* en */,
			);
			name = InfoPlist.strings;
			sourceTree = "<group>";
		};
		C736D4AC195F44C300740EE8 /* InfoPlist.strings */ = {
			isa = PBXVariantGroup;
			children = (
				C736D4AD195F44C300740EE8 /* en */,
			);
			name = InfoPlist.strings;
			sourceTree = "<group>";
		};
/* End PBXVariantGroup section */

/* Begin XCBuildConfiguration section */
		C736D4B1195F44C300740EE8 /* Debug */ = {
			isa = XCBuildConfiguration;
			buildSettings = {
				ALWAYS_SEARCH_USER_PATHS = NO;
				CLANG_CXX_LANGUAGE_STANDARD = "gnu++0x";
				CLANG_CXX_LIBRARY = "libc++";
				CLANG_ENABLE_MODULES = YES;
				CLANG_ENABLE_OBJC_ARC = YES;
				CLANG_WARN_BOOL_CONVERSION = YES;
				CLANG_WARN_CONSTANT_CONVERSION = YES;
				CLANG_WARN_DIRECT_OBJC_ISA_USAGE = YES_ERROR;
				CLANG_WARN_EMPTY_BODY = YES;
				CLANG_WARN_ENUM_CONVERSION = YES;
				CLANG_WARN_INT_CONVERSION = YES;
				CLANG_WARN_OBJC_ROOT_CLASS = YES_ERROR;
				CLANG_WARN__DUPLICATE_METHOD_MATCH = YES;
				"CODE_SIGN_IDENTITY[sdk=iphoneos*]" = "iPhone Developer";
				COPY_PHASE_STRIP = NO;
				GCC_C_LANGUAGE_STANDARD = gnu99;
				GCC_DYNAMIC_NO_PIC = NO;
				GCC_OPTIMIZATION_LEVEL = 0;
				GCC_PREPROCESSOR_DEFINITIONS = (
					"DEBUG=1",
					"$(inherited)",
				);
				GCC_SYMBOLS_PRIVATE_EXTERN = NO;
				GCC_WARN_64_TO_32_BIT_CONVERSION = YES;
				GCC_WARN_ABOUT_RETURN_TYPE = YES_ERROR;
				GCC_WARN_UNDECLARED_SELECTOR = YES;
				GCC_WARN_UNINITIALIZED_AUTOS = YES_AGGRESSIVE;
				GCC_WARN_UNUSED_FUNCTION = YES;
				GCC_WARN_UNUSED_VARIABLE = YES;
				IPHONEOS_DEPLOYMENT_TARGET = 7.1;
				ONLY_ACTIVE_ARCH = YES;
				SDKROOT = iphoneos;
			};
			name = Debug;
		};
		C736D4B2195F44C300740EE8 /* Release */ = {
			isa = XCBuildConfiguration;
			buildSettings = {
				ALWAYS_SEARCH_USER_PATHS = NO;
				CLANG_CXX_LANGUAGE_STANDARD = "gnu++0x";
				CLANG_CXX_LIBRARY = "libc++";
				CLANG_ENABLE_MODULES = YES;
				CLANG_ENABLE_OBJC_ARC = YES;
				CLANG_WARN_BOOL_CONVERSION = YES;
				CLANG_WARN_CONSTANT_CONVERSION = YES;
				CLANG_WARN_DIRECT_OBJC_ISA_USAGE = YES_ERROR;
				CLANG_WARN_EMPTY_BODY = YES;
				CLANG_WARN_ENUM_CONVERSION = YES;
				CLANG_WARN_INT_CONVERSION = YES;
				CLANG_WARN_OBJC_ROOT_CLASS = YES_ERROR;
				CLANG_WARN__DUPLICATE_METHOD_MATCH = YES;
				"CODE_SIGN_IDENTITY[sdk=iphoneos*]" = "iPhone Developer";
				COPY_PHASE_STRIP = YES;
				ENABLE_NS_ASSERTIONS = NO;
				GCC_C_LANGUAGE_STANDARD = gnu99;
				GCC_WARN_64_TO_32_BIT_CONVERSION = YES;
				GCC_WARN_ABOUT_RETURN_TYPE = YES_ERROR;
				GCC_WARN_UNDECLARED_SELECTOR = YES;
				GCC_WARN_UNINITIALIZED_AUTOS = YES_AGGRESSIVE;
				GCC_WARN_UNUSED_FUNCTION = YES;
				GCC_WARN_UNUSED_VARIABLE = YES;
				IPHONEOS_DEPLOYMENT_TARGET = 7.1;
				SDKROOT = iphoneos;
				VALIDATE_PRODUCT = YES;
			};
			name = Release;
		};
		C736D4B4195F44C300740EE8 /* Debug */ = {
			isa = XCBuildConfiguration;
			buildSettings = {
				ASSETCATALOG_COMPILER_APPICON_NAME = AppIcon;
				ASSETCATALOG_COMPILER_LAUNCHIMAGE_NAME = LaunchImage;
				CODE_SIGN_IDENTITY = "iPhone Developer";
				"CODE_SIGN_IDENTITY[sdk=iphoneos*]" = "iPhone Developer";
				GCC_PRECOMPILE_PREFIX_HEADER = YES;
				GCC_PREFIX_HEADER = "InboxChallenge_02/showmepls-Prefix.pch";
				INFOPLIST_FILE = "InboxChallenge_02/showmepls-Info.plist";
				PRODUCT_NAME = showmepls;
				PROVISIONING_PROFILE = "";
				WRAPPER_EXTENSION = app;
			};
			name = Debug;
		};
		C736D4B5195F44C300740EE8 /* Release */ = {
			isa = XCBuildConfiguration;
			buildSettings = {
				ASSETCATALOG_COMPILER_APPICON_NAME = AppIcon;
				ASSETCATALOG_COMPILER_LAUNCHIMAGE_NAME = LaunchImage;
				CODE_SIGN_IDENTITY = "iPhone Developer";
				"CODE_SIGN_IDENTITY[sdk=iphoneos*]" = "iPhone Developer";
				GCC_PRECOMPILE_PREFIX_HEADER = YES;
				GCC_PREFIX_HEADER = "InboxChallenge_02/showmepls-Prefix.pch";
				INFOPLIST_FILE = "InboxChallenge_02/showmepls-Info.plist";
				PRODUCT_NAME = showmepls;
				PROVISIONING_PROFILE = "";
				WRAPPER_EXTENSION = app;
			};
			name = Release;
		};
		C736D4B7195F44C300740EE8 /* Debug */ = {
			isa = XCBuildConfiguration;
			buildSettings = {
				BUNDLE_LOADER = "$(BUILT_PRODUCTS_DIR)/InboxChallenge_02.app/InboxChallenge_02";
				FRAMEWORK_SEARCH_PATHS = (
					"$(SDKROOT)/Developer/Library/Frameworks",
					"$(inherited)",
					"$(DEVELOPER_FRAMEWORKS_DIR)",
				);
				GCC_PRECOMPILE_PREFIX_HEADER = YES;
				GCC_PREFIX_HEADER = "InboxChallenge_02/InboxChallenge_02-Prefix.pch";
				GCC_PREPROCESSOR_DEFINITIONS = (
					"DEBUG=1",
					"$(inherited)",
				);
				INFOPLIST_FILE = "InboxChallenge_02Tests/showmeplsTests-Info.plist";
				PRODUCT_NAME = showmeplsTests;
				TEST_HOST = "$(BUNDLE_LOADER)";
				WRAPPER_EXTENSION = xctest;
			};
			name = Debug;
		};
		C736D4B8195F44C300740EE8 /* Release */ = {
			isa = XCBuildConfiguration;
			buildSettings = {
				BUNDLE_LOADER = "$(BUILT_PRODUCTS_DIR)/InboxChallenge_02.app/InboxChallenge_02";
				FRAMEWORK_SEARCH_PATHS = (
					"$(SDKROOT)/Developer/Library/Frameworks",
					"$(inherited)",
					"$(DEVELOPER_FRAMEWORKS_DIR)",
				);
				GCC_PRECOMPILE_PREFIX_HEADER = YES;
				GCC_PREFIX_HEADER = "InboxChallenge_02/InboxChallenge_02-Prefix.pch";
				INFOPLIST_FILE = "InboxChallenge_02Tests/showmeplsTests-Info.plist";
				PRODUCT_NAME = showmeplsTests;
				TEST_HOST = "$(BUNDLE_LOADER)";
				WRAPPER_EXTENSION = xctest;
			};
			name = Release;
		};
/* End XCBuildConfiguration section */

/* Begin XCConfigurationList section */
		C736D482195F44C200740EE8 /* Build configuration list for PBXProject "showmepls" */ = {
			isa = XCConfigurationList;
			buildConfigurations = (
				C736D4B1195F44C300740EE8 /* Debug */,
				C736D4B2195F44C300740EE8 /* Release */,
			);
			defaultConfigurationIsVisible = 0;
			defaultConfigurationName = Release;
		};
		C736D4B3195F44C300740EE8 /* Build configuration list for PBXNativeTarget "showmepls" */ = {
			isa = XCConfigurationList;
			buildConfigurations = (
				C736D4B4195F44C300740EE8 /* Debug */,
				C736D4B5195F44C300740EE8 /* Release */,
			);
			defaultConfigurationIsVisible = 0;
			defaultConfigurationName = Release;
		};
		C736D4B6195F44C300740EE8 /* Build configuration list for PBXNativeTarget "showmeplsTests" */ = {
			isa = XCConfigurationList;
			buildConfigurations = (
				C736D4B7195F44C300740EE8 /* Debug */,
				C736D4B8195F44C300740EE8 /* Release */,
			);
			defaultConfigurationIsVisible = 0;
			defaultConfigurationName = Release;
		};
/* End XCConfigurationList section */
	};
	rootObject = C736D47F195F44C200740EE8 /* Project object */;
}
